
Microsoft Visual Studio Solution File, Format Version 9.00
# Visual Studio 2005
Project("{8BC9CEB8-8B4A-11D0-8D11-00A0C91BC942}") = "Shell", "Shell\Shell.vcproj", "{7AAE0FBC-1B29-4FF2-8B4C-3D99D2E80C78}"
EndProject
Global
	GlobalSection(SolutionConfigurationPlatforms) = preSolution
		Debug|DbAu13xx (MIPSII) = Debug|DbAu13xx (MIPSII)
		Debug|Pocket PC 2003 (ARMV4) = Debug|Pocket PC 2003 (ARMV4)
		Debug|STANDARDSDK_500 (MIPSII) = Debug|STANDARDSDK_500 (MIPSII)
		Release|DbAu13xx (MIPSII) = Release|DbAu13xx (MIPSII)
		Release|Pocket PC 2003 (ARMV4) = Release|Pocket PC 2003 (ARMV4)
		Release|STANDARDSDK_500 (MIPSII) = Release|STANDARDSDK_500 (MIPSII)
	EndGlobalSection
	GlobalSection(ProjectConfigurationPlatforms) = postSolution
		{7AAE0FBC-1B29-4FF2-8B4C-3D99D2E80C78}.Debug|DbAu13xx (MIPSII).ActiveCfg = Debug|DbAu13xx (MIPSII)
		{7AAE0FBC-1B29-4FF2-8B4C-3D99D2E80C78}.Debug|DbAu13xx (MIPSII).Build.0 = Debug|DbAu13xx (MIPSII)
		{7AAE0FBC-1B29-4FF2-8B4C-3D99D2E80C78}.Debug|DbAu13xx (MIPSII).Deploy.0 = Debug|DbAu13xx (MIPSII)
		{7AAE0FBC-1B29-4FF2-8B4C-3D99D2E80C78}.Debug|Pocket PC 2003 (ARMV4).ActiveCfg = Debug|Pocket PC 2003 (ARMV4)
		{7AAE0FBC-1B29-4FF2-8B4C-3D99D2E80C78}.Debug|Pocket PC 2003 (ARMV4).Build.0 = Debug|Pocket PC 2003 (ARMV4)
		{7AAE0FBC-1B29-4FF2-8B4C-3D99D2E80C78}.Debug|Pocket PC 2003 (ARMV4).Deploy.0 = Debug|Pocket PC 2003 (ARMV4)
		{7AAE0FBC-1B29-4FF2-8B4C-3D99D2E80C78}.Debug|STANDARDSDK_500 (MIPSII).ActiveCfg = Debug|STANDARDSDK_500 (MIPSII)
		{7AAE0FBC-1B29-4FF2-8B4C-3D99D2E80C78}.Debug|STANDARDSDK_500 (MIPSII).Build.0 = Debug|STANDARDSDK_500 (MIPSII)
		{7AAE0FBC-1B29-4FF2-8B4C-3D99D2E80C78}.Debug|STANDARDSDK_500 (MIPSII).Deploy.0 = Debug|STANDARDSDK_500 (MIPSII)
		{7AAE0FBC-1B29-4FF2-8B4C-3D99D2E80C78}.Release|DbAu13xx (MIPSII).ActiveCfg = Release|DbAu13xx (MIPSII)
		{7AAE0FBC-1B29-4FF2-8B4C-3D99D2E80C78}.Release|DbAu13xx (MIPSII).Build.0 = Release|DbAu13xx (MIPSII)
		{7AAE0FBC-1B29-4FF2-8B4C-3D99D2E80C78}.Release|DbAu13xx (MIPSII).Deploy.0 = Release|DbAu13xx (MIPSII)
		{7AAE0FBC-1B29-4FF2-8B4C-3D99D2E80C78}.Release|Pocket PC 2003 (ARMV4).ActiveCfg = Release|Pocket PC 2003 (ARMV4)
		{7AAE0FBC-1B29-4FF2-8B4C-3D99D2E80C78}.Release|Pocket PC 2003 (ARMV4).Build.0 = Release|Pocket PC 2003 (ARMV4)
		{7AAE0FBC-1B29-4FF2-8B4C-3D99D2E80C78}.Release|Pocket PC 2003 (ARMV4).Deploy.0 = Release|Pocket PC 2003 (ARMV4)
		{7AAE0FBC-1B29-4FF2-8B4C-3D99D2E80C78}.Release|STANDARDSDK_500 (MIPSII).ActiveCfg = Release|STANDARDSDK_500 (MIPSII)
		{7AAE0FBC-1B29-4FF2-8B4C-3D99D2E80C78}.Release|STANDARDSDK_500 (MIPSII).Build.0 = Release|STANDARDSDK_500 (MIPSII)
		{7AAE0FBC-1B29-4FF2-8B4C-3D99D2E80C78}.Release|STANDARDSDK_500 (MIPSII).Deploy.0 = Release|STANDARDSDK_500 (MIPSII)
	EndGlobalSection
	GlobalSection(SolutionProperties) = preSolution
		HideSolutionNode = FALSE
	EndGlobalSection
EndGlobal
